
Microsoft Visual Studio Solution File, Format Version 12.00
# Visual Studio 15
VisualStudioVersion = 15.0.28307.421
MinimumVisualStudioVersion = 10.0.40219.1
Project("{9A19103F-16F7-4668-BE54-9A1E7A4F7556}") = "DiveIntoNetCoreConsoleApp", "DiveIntoNetCoreConsoleApp.csproj", "{610F4531-EF03-4D85-BE0F-F9478FF66CCA}"
EndProject
Global
	GlobalSection(SolutionConfigurationPlatforms) = preSolution
		Debug|Any CPU = Debug|Any CPU
		Release|Any CPU = Release|Any CPU
	EndGlobalSection
	GlobalSection(ProjectConfigurationPlatforms) = postSolution
		{610F4531-EF03-4D85-BE0F-F9478FF66CCA}.Debug|Any CPU.ActiveCfg = Debug|Any CPU
		{610F4531-EF03-4D85-BE0F-F9478FF66CCA}.Debug|Any CPU.Build.0 = Debug|Any CPU
		{610F4531-EF03-4D85-BE0F-F9478FF66CCA}.Release|Any CPU.ActiveCfg = Release|Any CPU
		{610F4531-EF03-4D85-BE0F-F9478FF66CCA}.Release|Any CPU.Build.0 = Release|Any CPU
	EndGlobalSection
	GlobalSection(SolutionProperties) = preSolution
		HideSolutionNode = FALSE
	EndGlobalSection
	GlobalSection(ExtensibilityGlobals) = postSolution
		SolutionGuid = {4E47F9E2-E0E5-4153-A5C2-33F6BB9AA1C4}
	EndGlobalSection
EndGlobal
