
Microsoft Visual Studio Solution File, Format Version 12.00
# Visual Studio 15
VisualStudioVersion = 15.0.28307.421
MinimumVisualStudioVersion = 10.0.40219.1
Project("{9A19103F-16F7-4668-BE54-9A1E7A4F7556}") = "DiveIntoNetCoreWebApp", "DiveIntoNetCoreWebApp.csproj", "{C0406174-2BD9-4E7A-9595-81C6D6D1236D}"
EndProject
Global
	GlobalSection(SolutionConfigurationPlatforms) = preSolution
		Debug|Any CPU = Debug|Any CPU
		Release|Any CPU = Release|Any CPU
	EndGlobalSection
	GlobalSection(ProjectConfigurationPlatforms) = postSolution
		{C0406174-2BD9-4E7A-9595-81C6D6D1236D}.Debug|Any CPU.ActiveCfg = Debug|Any CPU
		{C0406174-2BD9-4E7A-9595-81C6D6D1236D}.Debug|Any CPU.Build.0 = Debug|Any CPU
		{C0406174-2BD9-4E7A-9595-81C6D6D1236D}.Release|Any CPU.ActiveCfg = Release|Any CPU
		{C0406174-2BD9-4E7A-9595-81C6D6D1236D}.Release|Any CPU.Build.0 = Release|Any CPU
	EndGlobalSection
	GlobalSection(SolutionProperties) = preSolution
		HideSolutionNode = FALSE
	EndGlobalSection
	GlobalSection(ExtensibilityGlobals) = postSolution
		SolutionGuid = {47A65A1A-AD15-46C0-9EB0-70FDD24970F4}
	EndGlobalSection
EndGlobal
